
Microsoft Visual Studio Solution File, Format Version 12.00
# Visual Studio Version 17
VisualStudioVersion = 17.5.33516.290
MinimumVisualStudioVersion = 10.0.40219.1
Project("{FAE04EC0-301F-11D3-BF4B-00C04F79EFBC}") = "BedeLottery", "BedeLottery\BedeLottery.csproj", "{7067A7ED-8C69-46BD-946F-41E705D4F54A}"
EndProject
Global
	GlobalSection(SolutionConfigurationPlatforms) = preSolution
		Debug|Any CPU = Debug|Any CPU
		Release|Any CPU = Release|Any CPU
	EndGlobalSection
	GlobalSection(ProjectConfigurationPlatforms) = postSolution
		{7067A7ED-8C69-46BD-946F-41E705D4F54A}.Debug|Any CPU.ActiveCfg = Debug|Any CPU
		{7067A7ED-8C69-46BD-946F-41E705D4F54A}.Debug|Any CPU.Build.0 = Debug|Any CPU
		{7067A7ED-8C69-46BD-946F-41E705D4F54A}.Release|Any CPU.ActiveCfg = Release|Any CPU
		{7067A7ED-8C69-46BD-946F-41E705D4F54A}.Release|Any CPU.Build.0 = Release|Any CPU
	EndGlobalSection
	GlobalSection(SolutionProperties) = preSolution
		HideSolutionNode = FALSE
	EndGlobalSection
	GlobalSection(ExtensibilityGlobals) = postSolution
		SolutionGuid = {010391AF-D93D-4D96-96C9-4EF23E6C0B94}
	EndGlobalSection
EndGlobal
